// !$*UTF8*$!
{
	archiveVersion = 1;
	classes = {
	};
	objectVersion = 50;
	objects = {

/* Begin PBXBuildFile section */
		2FF20CA95D02077B6B70ACE9 /* Pods_instaparse.framework in Frameworks */ = {isa = PBXBuildFile; fileRef = DCE5FB5880DB5232973A6AD7 /* Pods_instaparse.framework */; };
		565088FC7AEFF64B0AABAA1F /* Pods_instaparseTests.framework in Frameworks */ = {isa = PBXBuildFile; fileRef = A65D2C4840C22EA86FF0B7A2 /* Pods_instaparseTests.framework */; };
		592B2979225C17730025FB80 /* CameraViewController.swift in Sources */ = {isa = PBXBuildFile; fileRef = 592B2978225C17730025FB80 /* CameraViewController.swift */; };
		592B297B225C222D0025FB80 /* PostTableViewCell.swift in Sources */ = {isa = PBXBuildFile; fileRef = 592B297A225C222D0025FB80 /* PostTableViewCell.swift */; };
		594DE1EC2254480900E5E0AC /* LoginViewController.swift in Sources */ = {isa = PBXBuildFile; fileRef = 594DE1EB2254480900E5E0AC /* LoginViewController.swift */; };
		594DE1EE2254481E00E5E0AC /* FeedViewController.swift in Sources */ = {isa = PBXBuildFile; fileRef = 594DE1ED2254481E00E5E0AC /* FeedViewController.swift */; };
		59806EEC225407160093A33C /* AppDelegate.swift in Sources */ = {isa = PBXBuildFile; fileRef = 59806EEB225407160093A33C /* AppDelegate.swift */; };
		59806EF1225407160093A33C /* Main.storyboard in Resources */ = {isa = PBXBuildFile; fileRef = 59806EEF225407160093A33C /* Main.storyboard */; };
		59806EF4225407160093A33C /* instaparse.xcdatamodeld in Sources */ = {isa = PBXBuildFile; fileRef = 59806EF2225407160093A33C /* instaparse.xcdatamodeld */; };
		59806EF6225407170093A33C /* Assets.xcassets in Resources */ = {isa = PBXBuildFile; fileRef = 59806EF5225407170093A33C /* Assets.xcassets */; };
		59806EF9225407170093A33C /* LaunchScreen.storyboard in Resources */ = {isa = PBXBuildFile; fileRef = 59806EF7225407170093A33C /* LaunchScreen.storyboard */; };
		59806F04225407170093A33C /* instaparseTests.swift in Sources */ = {isa = PBXBuildFile; fileRef = 59806F03225407170093A33C /* instaparseTests.swift */; };
		59806F0F225407170093A33C /* instaparseUITests.swift in Sources */ = {isa = PBXBuildFile; fileRef = 59806F0E225407170093A33C /* instaparseUITests.swift */; };
		BCFD681FA70790858D5F6FA8 /* Pods_instaparseUITests.framework in Frameworks */ = {isa = PBXBuildFile; fileRef = 03879801198071913FC1E31B /* Pods_instaparseUITests.framework */; };
/* End PBXBuildFile section */

/* Begin PBXContainerItemProxy section */
		59806F00225407170093A33C /* PBXContainerItemProxy */ = {
			isa = PBXContainerItemProxy;
			containerPortal = 59806EE0225407160093A33C /* Project object */;
			proxyType = 1;
			remoteGlobalIDString = 59806EE7225407160093A33C;
			remoteInfo = instaparse;
		};
		59806F0B225407170093A33C /* PBXContainerItemProxy */ = {
			isa = PBXContainerItemProxy;
			containerPortal = 59806EE0225407160093A33C /* Project object */;
			proxyType = 1;
			remoteGlobalIDString = 59806EE7225407160093A33C;
			remoteInfo = instaparse;
		};
/* End PBXContainerItemProxy section */

/* Begin PBXFileReference section */
		03879801198071913FC1E31B /* Pods_instaparseUITests.framework */ = {isa = PBXFileReference; explicitFileType = wrapper.framework; includeInIndex = 0; path = Pods_instaparseUITests.framework; sourceTree = BUILT_PRODUCTS_DIR; };
		160CB4B57EFE39A5831455A0 /* Pods-instaparseUITests.debug.xcconfig */ = {isa = PBXFileReference; includeInIndex = 1; lastKnownFileType = text.xcconfig; name = "Pods-instaparseUITests.debug.xcconfig"; path = "Target Support Files/Pods-instaparseUITests/Pods-instaparseUITests.debug.xcconfig"; sourceTree = "<group>"; };
		3D371BD5ADB087591B19A4AD /* Pods-instaparse.release.xcconfig */ = {isa = PBXFileReference; includeInIndex = 1; lastKnownFileType = text.xcconfig; name = "Pods-instaparse.release.xcconfig"; path = "Target Support Files/Pods-instaparse/Pods-instaparse.release.xcconfig"; sourceTree = "<group>"; };
		592B2978225C17730025FB80 /* CameraViewController.swift */ = {isa = PBXFileReference; lastKnownFileType = sourcecode.swift; path = CameraViewController.swift; sourceTree = "<group>"; };
		592B297A225C222D0025FB80 /* PostTableViewCell.swift */ = {isa = PBXFileReference; lastKnownFileType = sourcecode.swift; path = PostTableViewCell.swift; sourceTree = "<group>"; };
		594DE1EB2254480900E5E0AC /* LoginViewController.swift */ = {isa = PBXFileReference; lastKnownFileType = sourcecode.swift; path = LoginViewController.swift; sourceTree = "<group>"; };
		594DE1ED2254481E00E5E0AC /* FeedViewController.swift */ = {isa = PBXFileReference; lastKnownFileType = sourcecode.swift; path = FeedViewController.swift; sourceTree = "<group>"; };
		59806EE8225407160093A33C /* instaparse.app */ = {isa = PBXFileReference; explicitFileType = wrapper.application; includeInIndex = 0; path = instaparse.app; sourceTree = BUILT_PRODUCTS_DIR; };
		59806EEB225407160093A33C /* AppDelegate.swift */ = {isa = PBXFileReference; lastKnownFileType = sourcecode.swift; path = AppDelegate.swift; sourceTree = "<group>"; };
		59806EF0225407160093A33C /* Base */ = {isa = PBXFileReference; lastKnownFileType = file.storyboard; name = Base; path = Base.lproj/Main.storyboard; sourceTree = "<group>"; };
		59806EF3225407160093A33C /* instaparse.xcdatamodel */ = {isa = PBXFileReference; lastKnownFileType = wrapper.xcdatamodel; path = instaparse.xcdatamodel; sourceTree = "<group>"; };
		59806EF5225407170093A33C /* Assets.xcassets */ = {isa = PBXFileReference; lastKnownFileType = folder.assetcatalog; path = Assets.xcassets; sourceTree = "<group>"; };
		59806EF8225407170093A33C /* Base */ = {isa = PBXFileReference; lastKnownFileType = file.storyboard; name = Base; path = Base.lproj/LaunchScreen.storyboard; sourceTree = "<group>"; };
		59806EFA225407170093A33C /* Info.plist */ = {isa = PBXFileReference; lastKnownFileType = text.plist.xml; path = Info.plist; sourceTree = "<group>"; };
		59806EFF225407170093A33C /* instaparseTests.xctest */ = {isa = PBXFileReference; explicitFileType = wrapper.cfbundle; includeInIndex = 0; path = instaparseTests.xctest; sourceTree = BUILT_PRODUCTS_DIR; };
		59806F03225407170093A33C /* instaparseTests.swift */ = {isa = PBXFileReference; lastKnownFileType = sourcecode.swift; path = instaparseTests.swift; sourceTree = "<group>"; };
		59806F05225407170093A33C /* Info.plist */ = {isa = PBXFileReference; lastKnownFileType = text.plist.xml; path = Info.plist; sourceTree = "<group>"; };
		59806F0A225407170093A33C /* instaparseUITests.xctest */ = {isa = PBXFileReference; explicitFileType = wrapper.cfbundle; includeInIndex = 0; path = instaparseUITests.xctest; sourceTree = BUILT_PRODUCTS_DIR; };
		59806F0E225407170093A33C /* instaparseUITests.swift */ = {isa = PBXFileReference; lastKnownFileType = sourcecode.swift; path = instaparseUITests.swift; sourceTree = "<group>"; };
		59806F10225407170093A33C /* Info.plist */ = {isa = PBXFileReference; lastKnownFileType = text.plist.xml; path = Info.plist; sourceTree = "<group>"; };
		753BF4F2DCD705BFD8F4673A /* Pods-instaparseTests.release.xcconfig */ = {isa = PBXFileReference; includeInIndex = 1; lastKnownFileType = text.xcconfig; name = "Pods-instaparseTests.release.xcconfig"; path = "Target Support Files/Pods-instaparseTests/Pods-instaparseTests.release.xcconfig"; sourceTree = "<group>"; };
		A65D2C4840C22EA86FF0B7A2 /* Pods_instaparseTests.framework */ = {isa = PBXFileReference; explicitFileType = wrapper.framework; includeInIndex = 0; path = Pods_instaparseTests.framework; sourceTree = BUILT_PRODUCTS_DIR; };
		B2CA57263704C9122DB40CCC /* Pods-instaparse.debug.xcconfig */ = {isa = PBXFileReference; includeInIndex = 1; lastKnownFileType = text.xcconfig; name = "Pods-instaparse.debug.xcconfig"; path = "Target Support Files/Pods-instaparse/Pods-instaparse.debug.xcconfig"; sourceTree = "<group>"; };
		CC2EA440CB3EA43AE33F1C7C /* Pods-instaparseTests.debug.xcconfig */ = {isa = PBXFileReference; includeInIndex = 1; lastKnownFileType = text.xcconfig; name = "Pods-instaparseTests.debug.xcconfig"; path = "Target Support Files/Pods-instaparseTests/Pods-instaparseTests.debug.xcconfig"; sourceTree = "<group>"; };
		DCE5FB5880DB5232973A6AD7 /* Pods_instaparse.framework */ = {isa = PBXFileReference; explicitFileType = wrapper.framework; includeInIndex = 0; path = Pods_instaparse.framework; sourceTree = BUILT_PRODUCTS_DIR; };
		E3F18A05954A1593521AB0D6 /* Pods-instaparseUITests.release.xcconfig */ = {isa = PBXFileReference; includeInIndex = 1; lastKnownFileType = text.xcconfig; name = "Pods-instaparseUITests.release.xcconfig"; path = "Target Support Files/Pods-instaparseUITests/Pods-instaparseUITests.release.xcconfig"; sourceTree = "<group>"; };
/* End PBXFileReference section */

/* Begin PBXFrameworksBuildPhase section */
		59806EE5225407160093A33C /* Frameworks */ = {
			isa = PBXFrameworksBuildPhase;
			buildActionMask = 2147483647;
			files = (
				2FF20CA95D02077B6B70ACE9 /* Pods_instaparse.framework in Frameworks */,
			);
			runOnlyForDeploymentPostprocessing = 0;
		};
		59806EFC225407170093A33C /* Frameworks */ = {
			isa = PBXFrameworksBuildPhase;
			buildActionMask = 2147483647;
			files = (
				565088FC7AEFF64B0AABAA1F /* Pods_instaparseTests.framework in Frameworks */,
			);
			runOnlyForDeploymentPostprocessing = 0;
		};
		59806F07225407170093A33C /* Frameworks */ = {
			isa = PBXFrameworksBuildPhase;
			buildActionMask = 2147483647;
			files = (
				BCFD681FA70790858D5F6FA8 /* Pods_instaparseUITests.framework in Frameworks */,
			);
			runOnlyForDeploymentPostprocessing = 0;
		};
/* End PBXFrameworksBuildPhase section */

/* Begin PBXGroup section */
		59806EDF225407160093A33C = {
			isa = PBXGroup;
			children = (
				59806EEA225407160093A33C /* instaparse */,
				59806F02225407170093A33C /* instaparseTests */,
				59806F0D225407170093A33C /* instaparseUITests */,
				59806EE9225407160093A33C /* Products */,
				76F150C4D5A227EDED107C0E /* Pods */,
				9A4022A8C28340AD41F61B96 /* Frameworks */,
			);
			sourceTree = "<group>";
		};
		59806EE9225407160093A33C /* Products */ = {
			isa = PBXGroup;
			children = (
				59806EE8225407160093A33C /* instaparse.app */,
				59806EFF225407170093A33C /* instaparseTests.xctest */,
				59806F0A225407170093A33C /* instaparseUITests.xctest */,
			);
			name = Products;
			sourceTree = "<group>";
		};
		59806EEA225407160093A33C /* instaparse */ = {
			isa = PBXGroup;
			children = (
				59806EEB225407160093A33C /* AppDelegate.swift */,
				59806EEF225407160093A33C /* Main.storyboard */,
				592B297A225C222D0025FB80 /* PostTableViewCell.swift */,
				592B2978225C17730025FB80 /* CameraViewController.swift */,
				59806EF5225407170093A33C /* Assets.xcassets */,
				59806EF7225407170093A33C /* LaunchScreen.storyboard */,
				59806EFA225407170093A33C /* Info.plist */,
				59806EF2225407160093A33C /* instaparse.xcdatamodeld */,
				594DE1EB2254480900E5E0AC /* LoginViewController.swift */,
				594DE1ED2254481E00E5E0AC /* FeedViewController.swift */,
			);
			path = instaparse;
			sourceTree = "<group>";
		};
		59806F02225407170093A33C /* instaparseTests */ = {
			isa = PBXGroup;
			children = (
				59806F03225407170093A33C /* instaparseTests.swift */,
				59806F05225407170093A33C /* Info.plist */,
			);
			path = instaparseTests;
			sourceTree = "<group>";
		};
		59806F0D225407170093A33C /* instaparseUITests */ = {
			isa = PBXGroup;
			children = (
				59806F0E225407170093A33C /* instaparseUITests.swift */,
				59806F10225407170093A33C /* Info.plist */,
			);
			path = instaparseUITests;
			sourceTree = "<group>";
		};
		76F150C4D5A227EDED107C0E /* Pods */ = {
			isa = PBXGroup;
			children = (
				B2CA57263704C9122DB40CCC /* Pods-instaparse.debug.xcconfig */,
				3D371BD5ADB087591B19A4AD /* Pods-instaparse.release.xcconfig */,
				CC2EA440CB3EA43AE33F1C7C /* Pods-instaparseTests.debug.xcconfig */,
				753BF4F2DCD705BFD8F4673A /* Pods-instaparseTests.release.xcconfig */,
				160CB4B57EFE39A5831455A0 /* Pods-instaparseUITests.debug.xcconfig */,
				E3F18A05954A1593521AB0D6 /* Pods-instaparseUITests.release.xcconfig */,
			);
			path = Pods;
			sourceTree = "<group>";
		};
		9A4022A8C28340AD41F61B96 /* Frameworks */ = {
			isa = PBXGroup;
			children = (
				DCE5FB5880DB5232973A6AD7 /* Pods_instaparse.framework */,
				A65D2C4840C22EA86FF0B7A2 /* Pods_instaparseTests.framework */,
				03879801198071913FC1E31B /* Pods_instaparseUITests.framework */,
			);
			name = Frameworks;
			sourceTree = "<group>";
		};
/* End PBXGroup section */

/* Begin PBXNativeTarget section */
		59806EE7225407160093A33C /* instaparse */ = {
			isa = PBXNativeTarget;
			buildConfigurationList = 59806F13225407170093A33C /* Build configuration list for PBXNativeTarget "instaparse" */;
			buildPhases = (
				BB820375DF09CB03EA35F45C /* [CP] Check Pods Manifest.lock */,
				59806EE4225407160093A33C /* Sources */,
				59806EE5225407160093A33C /* Frameworks */,
				59806EE6225407160093A33C /* Resources */,
				C1499003B078AE3D2B12D787 /* [CP] Embed Pods Frameworks */,
			);
			buildRules = (
			);
			dependencies = (
			);
			name = instaparse;
			productName = instaparse;
			productReference = 59806EE8225407160093A33C /* instaparse.app */;
			productType = "com.apple.product-type.application";
		};
		59806EFE225407170093A33C /* instaparseTests */ = {
			isa = PBXNativeTarget;
			buildConfigurationList = 59806F16225407170093A33C /* Build configuration list for PBXNativeTarget "instaparseTests" */;
			buildPhases = (
				40AD4D3854104D5B8E37291F /* [CP] Check Pods Manifest.lock */,
				59806EFB225407170093A33C /* Sources */,
				59806EFC225407170093A33C /* Frameworks */,
				59806EFD225407170093A33C /* Resources */,
			);
			buildRules = (
			);
			dependencies = (
				59806F01225407170093A33C /* PBXTargetDependency */,
			);
			name = instaparseTests;
			productName = instaparseTests;
			productReference = 59806EFF225407170093A33C /* instaparseTests.xctest */;
			productType = "com.apple.product-type.bundle.unit-test";
		};
		59806F09225407170093A33C /* instaparseUITests */ = {
			isa = PBXNativeTarget;
			buildConfigurationList = 59806F19225407170093A33C /* Build configuration list for PBXNativeTarget "instaparseUITests" */;
			buildPhases = (
				F8AA35A99CA88D5B250D304B /* [CP] Check Pods Manifest.lock */,
				59806F06225407170093A33C /* Sources */,
				59806F07225407170093A33C /* Frameworks */,
				59806F08225407170093A33C /* Resources */,
			);
			buildRules = (
			);
			dependencies = (
				59806F0C225407170093A33C /* PBXTargetDependency */,
			);
			name = instaparseUITests;
			productName = instaparseUITests;
			productReference = 59806F0A225407170093A33C /* instaparseUITests.xctest */;
			productType = "com.apple.product-type.bundle.ui-testing";
		};
/* End PBXNativeTarget section */

/* Begin PBXProject section */
		59806EE0225407160093A33C /* Project object */ = {
			isa = PBXProject;
			attributes = {
				LastSwiftUpdateCheck = 1020;
				LastUpgradeCheck = 1020;
				ORGANIZATIONNAME = "Oliver Thurn";
				TargetAttributes = {
					59806EE7225407160093A33C = {
						CreatedOnToolsVersion = 10.2;
					};
					59806EFE225407170093A33C = {
						CreatedOnToolsVersion = 10.2;
						TestTargetID = 59806EE7225407160093A33C;
					};
					59806F09225407170093A33C = {
						CreatedOnToolsVersion = 10.2;
						TestTargetID = 59806EE7225407160093A33C;
					};
				};
			};
			buildConfigurationList = 59806EE3225407160093A33C /* Build configuration list for PBXProject "instaparse" */;
			compatibilityVersion = "Xcode 9.3";
			developmentRegion = en;
			hasScannedForEncodings = 0;
			knownRegions = (
				en,
				Base,
			);
			mainGroup = 59806EDF225407160093A33C;
			productRefGroup = 59806EE9225407160093A33C /* Products */;
			projectDirPath = "";
			projectRoot = "";
			targets = (
				59806EE7225407160093A33C /* instaparse */,
				59806EFE225407170093A33C /* instaparseTests */,
				59806F09225407170093A33C /* instaparseUITests */,
			);
		};
/* End PBXProject section */

/* Begin PBXResourcesBuildPhase section */
		59806EE6225407160093A33C /* Resources */ = {
			isa = PBXResourcesBuildPhase;
			buildActionMask = 2147483647;
			files = (
				59806EF9225407170093A33C /* LaunchScreen.storyboard in Resources */,
				59806EF6225407170093A33C /* Assets.xcassets in Resources */,
				59806EF1225407160093A33C /* Main.storyboard in Resources */,
			);
			runOnlyForDeploymentPostprocessing = 0;
		};
		59806EFD225407170093A33C /* Resources */ = {
			isa = PBXResourcesBuildPhase;
			buildActionMask = 2147483647;
			files = (
			);
			runOnlyForDeploymentPostprocessing = 0;
		};
		59806F08225407170093A33C /* Resources */ = {
			isa = PBXResourcesBuildPhase;
			buildActionMask = 2147483647;
			files = (
			);
			runOnlyForDeploymentPostprocessing = 0;
		};
/* End PBXResourcesBuildPhase section */

/* Begin PBXShellScriptBuildPhase section */
		40AD4D3854104D5B8E37291F /* [CP] Check Pods Manifest.lock */ = {
			isa = PBXShellScriptBuildPhase;
			buildActionMask = 2147483647;
			files = (
			);
			inputFileListPaths = (
			);
			inputPaths = (
				"${PODS_PODFILE_DIR_PATH}/Podfile.lock",
				"${PODS_ROOT}/Manifest.lock",
			);
			name = "[CP] Check Pods Manifest.lock";
			outputFileListPaths = (
			);
			outputPaths = (
				"$(DERIVED_FILE_DIR)/Pods-instaparseTests-checkManifestLockResult.txt",
			);
			runOnlyForDeploymentPostprocessing = 0;
			shellPath = /bin/sh;
			shellScript = "diff \"${PODS_PODFILE_DIR_PATH}/Podfile.lock\" \"${PODS_ROOT}/Manifest.lock\" > /dev/null\nif [ $? != 0 ] ; then\n    # print error to STDERR\n    echo \"error: The sandbox is not in sync with the Podfile.lock. Run 'pod install' or update your CocoaPods installation.\" >&2\n    exit 1\nfi\n# This output is used by Xcode 'outputs' to avoid re-running this script phase.\necho \"SUCCESS\" > \"${SCRIPT_OUTPUT_FILE_0}\"\n";
			showEnvVarsInLog = 0;
		};
		BB820375DF09CB03EA35F45C /* [CP] Check Pods Manifest.lock */ = {
			isa = PBXShellScriptBuildPhase;
			buildActionMask = 2147483647;
			files = (
			);
			inputFileListPaths = (
			);
			inputPaths = (
				"${PODS_PODFILE_DIR_PATH}/Podfile.lock",
				"${PODS_ROOT}/Manifest.lock",
			);
			name = "[CP] Check Pods Manifest.lock";
			outputFileListPaths = (
			);
			outputPaths = (
				"$(DERIVED_FILE_DIR)/Pods-instaparse-checkManifestLockResult.txt",
			);
			runOnlyForDeploymentPostprocessing = 0;
			shellPath = /bin/sh;
			shellScript = "diff \"${PODS_PODFILE_DIR_PATH}/Podfile.lock\" \"${PODS_ROOT}/Manifest.lock\" > /dev/null\nif [ $? != 0 ] ; then\n    # print error to STDERR\n    echo \"error: The sandbox is not in sync with the Podfile.lock. Run 'pod install' or update your CocoaPods installation.\" >&2\n    exit 1\nfi\n# This output is used by Xcode 'outputs' to avoid re-running this script phase.\necho \"SUCCESS\" > \"${SCRIPT_OUTPUT_FILE_0}\"\n";
			showEnvVarsInLog = 0;
		};
		C1499003B078AE3D2B12D787 /* [CP] Embed Pods Frameworks */ = {
			isa = PBXShellScriptBuildPhase;
			buildActionMask = 2147483647;
			files = (
			);
			inputFileListPaths = (
			);
			inputPaths = (
				"${PODS_ROOT}/Target Support Files/Pods-instaparse/Pods-instaparse-frameworks.sh",
				"${BUILT_PRODUCTS_DIR}/Alamofire/Alamofire.framework",
				"${BUILT_PRODUCTS_DIR}/AlamofireImage/AlamofireImage.framework",
				"${BUILT_PRODUCTS_DIR}/Bolts/Bolts.framework",
				"${BUILT_PRODUCTS_DIR}/Parse/Parse.framework",
			);
			name = "[CP] Embed Pods Frameworks";
			outputFileListPaths = (
			);
			outputPaths = (
				"${TARGET_BUILD_DIR}/${FRAMEWORKS_FOLDER_PATH}/Alamofire.framework",
				"${TARGET_BUILD_DIR}/${FRAMEWORKS_FOLDER_PATH}/AlamofireImage.framework",
				"${TARGET_BUILD_DIR}/${FRAMEWORKS_FOLDER_PATH}/Bolts.framework",
				"${TARGET_BUILD_DIR}/${FRAMEWORKS_FOLDER_PATH}/Parse.framework",
			);
			runOnlyForDeploymentPostprocessing = 0;
			shellPath = /bin/sh;
			shellScript = "\"${PODS_ROOT}/Target Support Files/Pods-instaparse/Pods-instaparse-frameworks.sh\"\n";
			showEnvVarsInLog = 0;
		};
		F8AA35A99CA88D5B250D304B /* [CP] Check Pods Manifest.lock */ = {
			isa = PBXShellScriptBuildPhase;
			buildActionMask = 2147483647;
			files = (
			);
			inputFileListPaths = (
			);
			inputPaths = (
				"${PODS_PODFILE_DIR_PATH}/Podfile.lock",
				"${PODS_ROOT}/Manifest.lock",
			);
			name = "[CP] Check Pods Manifest.lock";
			outputFileListPaths = (
			);
			outputPaths = (
				"$(DERIVED_FILE_DIR)/Pods-instaparseUITests-checkManifestLockResult.txt",
			);
			runOnlyForDeploymentPostprocessing = 0;
			shellPath = /bin/sh;
			shellScript = "diff \"${PODS_PODFILE_DIR_PATH}/Podfile.lock\" \"${PODS_ROOT}/Manifest.lock\" > /dev/null\nif [ $? != 0 ] ; then\n    # print error to STDERR\n    echo \"error: The sandbox is not in sync with the Podfile.lock. Run 'pod install' or update your CocoaPods installation.\" >&2\n    exit 1\nfi\n# This output is used by Xcode 'outputs' to avoid re-running this script phase.\necho \"SUCCESS\" > \"${SCRIPT_OUTPUT_FILE_0}\"\n";
			showEnvVarsInLog = 0;
		};
/* End PBXShellScriptBuildPhase section */

/* Begin PBXSourcesBuildPhase section */
		59806EE4225407160093A33C /* Sources */ = {
			isa = PBXSourcesBuildPhase;
			buildActionMask = 2147483647;
			files = (
				594DE1EC2254480900E5E0AC /* LoginViewController.swift in Sources */,
				592B2979225C17730025FB80 /* CameraViewController.swift in Sources */,
				59806EF4225407160093A33C /* instaparse.xcdatamodeld in Sources */,
				594DE1EE2254481E00E5E0AC /* FeedViewController.swift in Sources */,
				59806EEC225407160093A33C /* AppDelegate.swift in Sources */,
				592B297B225C222D0025FB80 /* PostTableViewCell.swift in Sources */,
			);
			runOnlyForDeploymentPostprocessing = 0;
		};
		59806EFB225407170093A33C /* Sources */ = {
			isa = PBXSourcesBuildPhase;
			buildActionMask = 2147483647;
			files = (
				59806F04225407170093A33C /* instaparseTests.swift in Sources */,
			);
			runOnlyForDeploymentPostprocessing = 0;
		};
		59806F06225407170093A33C /* Sources */ = {
			isa = PBXSourcesBuildPhase;
			buildActionMask = 2147483647;
			files = (
				59806F0F225407170093A33C /* instaparseUITests.swift in Sources */,
			);
			runOnlyForDeploymentPostprocessing = 0;
		};
/* End PBXSourcesBuildPhase section */

/* Begin PBXTargetDependency section */
		59806F01225407170093A33C /* PBXTargetDependency */ = {
			isa = PBXTargetDependency;
			target = 59806EE7225407160093A33C /* instaparse */;
			targetProxy = 59806F00225407170093A33C /* PBXContainerItemProxy */;
		};
		59806F0C225407170093A33C /* PBXTargetDependency */ = {
			isa = PBXTargetDependency;
			target = 59806EE7225407160093A33C /* instaparse */;
			targetProxy = 59806F0B225407170093A33C /* PBXContainerItemProxy */;
		};
/* End PBXTargetDependency section */

/* Begin PBXVariantGroup section */
		59806EEF225407160093A33C /* Main.storyboard */ = {
			isa = PBXVariantGroup;
			children = (
				59806EF0225407160093A33C /* Base */,
			);
			name = Main.storyboard;
			sourceTree = "<group>";
		};
		59806EF7225407170093A33C /* LaunchScreen.storyboard */ = {
			isa = PBXVariantGroup;
			children = (
				59806EF8225407170093A33C /* Base */,
			);
			name = LaunchScreen.storyboard;
			sourceTree = "<group>";
		};
/* End PBXVariantGroup section */

/* Begin XCBuildConfiguration section */
		59806F11225407170093A33C /* Debug */ = {
			isa = XCBuildConfiguration;
			buildSettings = {
				ALWAYS_SEARCH_USER_PATHS = NO;
				CLANG_ANALYZER_NONNULL = YES;
				CLANG_ANALYZER_NUMBER_OBJECT_CONVERSION = YES_AGGRESSIVE;
				CLANG_CXX_LANGUAGE_STANDARD = "gnu++14";
				CLANG_CXX_LIBRARY = "libc++";
				CLANG_ENABLE_MODULES = YES;
				CLANG_ENABLE_OBJC_ARC = YES;
				CLANG_ENABLE_OBJC_WEAK = YES;
				CLANG_WARN_BLOCK_CAPTURE_AUTORELEASING = YES;
				CLANG_WARN_BOOL_CONVERSION = YES;
				CLANG_WARN_COMMA = YES;
				CLANG_WARN_CONSTANT_CONVERSION = YES;
				CLANG_WARN_DEPRECATED_OBJC_IMPLEMENTATIONS = YES;
				CLANG_WARN_DIRECT_OBJC_ISA_USAGE = YES_ERROR;
				CLANG_WARN_DOCUMENTATION_COMMENTS = YES;
				CLANG_WARN_EMPTY_BODY = YES;
				CLANG_WARN_ENUM_CONVERSION = YES;
				CLANG_WARN_INFINITE_RECURSION = YES;
				CLANG_WARN_INT_CONVERSION = YES;
				CLANG_WARN_NON_LITERAL_NULL_CONVERSION = YES;
				CLANG_WARN_OBJC_IMPLICIT_RETAIN_SELF = YES;
				CLANG_WARN_OBJC_LITERAL_CONVERSION = YES;
				CLANG_WARN_OBJC_ROOT_CLASS = YES_ERROR;
				CLANG_WARN_RANGE_LOOP_ANALYSIS = YES;
				CLANG_WARN_STRICT_PROTOTYPES = YES;
				CLANG_WARN_SUSPICIOUS_MOVE = YES;
				CLANG_WARN_UNGUARDED_AVAILABILITY = YES_AGGRESSIVE;
				CLANG_WARN_UNREACHABLE_CODE = YES;
				CLANG_WARN__DUPLICATE_METHOD_MATCH = YES;
				CODE_SIGN_IDENTITY = "iPhone Developer";
				COPY_PHASE_STRIP = NO;
				DEBUG_INFORMATION_FORMAT = dwarf;
				ENABLE_STRICT_OBJC_MSGSEND = YES;
				ENABLE_TESTABILITY = YES;
				GCC_C_LANGUAGE_STANDARD = gnu11;
				GCC_DYNAMIC_NO_PIC = NO;
				GCC_NO_COMMON_BLOCKS = YES;
				GCC_OPTIMIZATION_LEVEL = 0;
				GCC_PREPROCESSOR_DEFINITIONS = (
					"DEBUG=1",
					"$(inherited)",
				);
				GCC_WARN_64_TO_32_BIT_CONVERSION = YES;
				GCC_WARN_ABOUT_RETURN_TYPE = YES_ERROR;
				GCC_WARN_UNDECLARED_SELECTOR = YES;
				GCC_WARN_UNINITIALIZED_AUTOS = YES_AGGRESSIVE;
				GCC_WARN_UNUSED_FUNCTION = YES;
				GCC_WARN_UNUSED_VARIABLE = YES;
				IPHONEOS_DEPLOYMENT_TARGET = 12.2;
				MTL_ENABLE_DEBUG_INFO = INCLUDE_SOURCE;
				MTL_FAST_MATH = YES;
				ONLY_ACTIVE_ARCH = YES;
				SDKROOT = iphoneos;
				SWIFT_ACTIVE_COMPILATION_CONDITIONS = DEBUG;
				SWIFT_OPTIMIZATION_LEVEL = "-Onone";
			};
			name = Debug;
		};
		59806F12225407170093A33C /* Release */ = {
			isa = XCBuildConfiguration;
			buildSettings = {
				ALWAYS_SEARCH_USER_PATHS = NO;
				CLANG_ANALYZER_NONNULL = YES;
				CLANG_ANALYZER_NUMBER_OBJECT_CONVERSION = YES_AGGRESSIVE;
				CLANG_CXX_LANGUAGE_STANDARD = "gnu++14";
				CLANG_CXX_LIBRARY = "libc++";
				CLANG_ENABLE_MODULES = YES;
				CLANG_ENABLE_OBJC_ARC = YES;
				CLANG_ENABLE_OBJC_WEAK = YES;
				CLANG_WARN_BLOCK_CAPTURE_AUTORELEASING = YES;
				CLANG_WARN_BOOL_CONVERSION = YES;
				CLANG_WARN_COMMA = YES;
				CLANG_WARN_CONSTANT_CONVERSION = YES;
				CLANG_WARN_DEPRECATED_OBJC_IMPLEMENTATIONS = YES;
				CLANG_WARN_DIRECT_OBJC_ISA_USAGE = YES_ERROR;
				CLANG_WARN_DOCUMENTATION_COMMENTS = YES;
				CLANG_WARN_EMPTY_BODY = YES;
				CLANG_WARN_ENUM_CONVERSION = YES;
				CLANG_WARN_INFINITE_RECURSION = YES;
				CLANG_WARN_INT_CONVERSION = YES;
				CLANG_WARN_NON_LITERAL_NULL_CONVERSION = YES;
				CLANG_WARN_OBJC_IMPLICIT_RETAIN_SELF = YES;
				CLANG_WARN_OBJC_LITERAL_CONVERSION = YES;
				CLANG_WARN_OBJC_ROOT_CLASS = YES_ERROR;
				CLANG_WARN_RANGE_LOOP_ANALYSIS = YES;
				CLANG_WARN_STRICT_PROTOTYPES = YES;
				CLANG_WARN_SUSPICIOUS_MOVE = YES;
				CLANG_WARN_UNGUARDED_AVAILABILITY = YES_AGGRESSIVE;
				CLANG_WARN_UNREACHABLE_CODE = YES;
				CLANG_WARN__DUPLICATE_METHOD_MATCH = YES;
				CODE_SIGN_IDENTITY = "iPhone Developer";
				COPY_PHASE_STRIP = NO;
				DEBUG_INFORMATION_FORMAT = "dwarf-with-dsym";
				ENABLE_NS_ASSERTIONS = NO;
				ENABLE_STRICT_OBJC_MSGSEND = YES;
				GCC_C_LANGUAGE_STANDARD = gnu11;
				GCC_NO_COMMON_BLOCKS = YES;
				GCC_WARN_64_TO_32_BIT_CONVERSION = YES;
				GCC_WARN_ABOUT_RETURN_TYPE = YES_ERROR;
				GCC_WARN_UNDECLARED_SELECTOR = YES;
				GCC_WARN_UNINITIALIZED_AUTOS = YES_AGGRESSIVE;
				GCC_WARN_UNUSED_FUNCTION = YES;
				GCC_WARN_UNUSED_VARIABLE = YES;
				IPHONEOS_DEPLOYMENT_TARGET = 12.2;
				MTL_ENABLE_DEBUG_INFO = NO;
				MTL_FAST_MATH = YES;
				SDKROOT = iphoneos;
				SWIFT_COMPILATION_MODE = wholemodule;
				SWIFT_OPTIMIZATION_LEVEL = "-O";
				VALIDATE_PRODUCT = YES;
			};
			name = Release;
		};
		59806F14225407170093A33C /* Debug */ = {
			isa = XCBuildConfiguration;
			baseConfigurationReference = B2CA57263704C9122DB40CCC /* Pods-instaparse.debug.xcconfig */;
			buildSettings = {
				ASSETCATALOG_COMPILER_APPICON_NAME = AppIcon;
				CODE_SIGN_STYLE = Automatic;
				DEVELOPMENT_TEAM = QW4ZBW5U8P;
				INFOPLIST_FILE = instaparse/Info.plist;
				LD_RUNPATH_SEARCH_PATHS = (
					"$(inherited)",
					"@executable_path/Frameworks",
				);
				PRODUCT_BUNDLE_IDENTIFIER = SMM.instaparse90;
				PRODUCT_NAME = "$(TARGET_NAME)";
				SWIFT_VERSION = 5.0;
				TARGETED_DEVICE_FAMILY = "1,2";
			};
			name = Debug;
		};
		59806F15225407170093A33C /* Release */ = {
			isa = XCBuildConfiguration;
			baseConfigurationReference = 3D371BD5ADB087591B19A4AD /* Pods-instaparse.release.xcconfig */;
			buildSettings = {
				ASSETCATALOG_COMPILER_APPICON_NAME = AppIcon;
				CODE_SIGN_STYLE = Automatic;
				DEVELOPMENT_TEAM = QW4ZBW5U8P;
				INFOPLIST_FILE = instaparse/Info.plist;
				LD_RUNPATH_SEARCH_PATHS = (
					"$(inherited)",
					"@executable_path/Frameworks",
				);
				PRODUCT_BUNDLE_IDENTIFIER = SMM.instaparse90;
				PRODUCT_NAME = "$(TARGET_NAME)";
				SWIFT_VERSION = 5.0;
				TARGETED_DEVICE_FAMILY = "1,2";
			};
			name = Release;
		};
		59806F17225407170093A33C /* Debug */ = {
			isa = XCBuildConfiguration;
			baseConfigurationReference = CC2EA440CB3EA43AE33F1C7C /* Pods-instaparseTests.debug.xcconfig */;
			buildSettings = {
				ALWAYS_EMBED_SWIFT_STANDARD_LIBRARIES = YES;
				BUNDLE_LOADER = "$(TEST_HOST)";
				CODE_SIGN_STYLE = Automatic;
				DEVELOPMENT_TEAM = QW4ZBW5U8P;
				INFOPLIST_FILE = instaparseTests/Info.plist;
				LD_RUNPATH_SEARCH_PATHS = (
					"$(inherited)",
					"@executable_path/Frameworks",
					"@loader_path/Frameworks",
				);
				PRODUCT_BUNDLE_IDENTIFIER = SMM.instaparseTests;
				PRODUCT_NAME = "$(TARGET_NAME)";
				SWIFT_VERSION = 5.0;
				TARGETED_DEVICE_FAMILY = "1,2";
				TEST_HOST = "$(BUILT_PRODUCTS_DIR)/instaparse.app/instaparse";
			};
			name = Debug;
		};
		59806F18225407170093A33C /* Release */ = {
			isa = XCBuildConfiguration;
			baseConfigurationReference = 753BF4F2DCD705BFD8F4673A /* Pods-instaparseTests.release.xcconfig */;
			buildSettings = {
				ALWAYS_EMBED_SWIFT_STANDARD_LIBRARIES = YES;
				BUNDLE_LOADER = "$(TEST_HOST)";
				CODE_SIGN_STYLE = Automatic;
				DEVELOPMENT_TEAM = QW4ZBW5U8P;
				INFOPLIST_FILE = instaparseTests/Info.plist;
				LD_RUNPATH_SEARCH_PATHS = (
					"$(inherited)",
					"@executable_path/Frameworks",
					"@loader_path/Frameworks",
				);
				PRODUCT_BUNDLE_IDENTIFIER = SMM.instaparseTests;
				PRODUCT_NAME = "$(TARGET_NAME)";
				SWIFT_VERSION = 5.0;
				TARGETED_DEVICE_FAMILY = "1,2";
				TEST_HOST = "$(BUILT_PRODUCTS_DIR)/instaparse.app/instaparse";
			};
			name = Release;
		};
		59806F1A225407170093A33C /* Debug */ = {
			isa = XCBuildConfiguration;
			baseConfigurationReference = 160CB4B57EFE39A5831455A0 /* Pods-instaparseUITests.debug.xcconfig */;
			buildSettings = {
				ALWAYS_EMBED_SWIFT_STANDARD_LIBRARIES = YES;
				CODE_SIGN_STYLE = Automatic;
				DEVELOPMENT_TEAM = QW4ZBW5U8P;
				INFOPLIST_FILE = instaparseUITests/Info.plist;
				LD_RUNPATH_SEARCH_PATHS = (
					"$(inherited)",
					"@executable_path/Frameworks",
					"@loader_path/Frameworks",
				);
				PRODUCT_BUNDLE_IDENTIFIER = SMM.instaparseUITests;
				PRODUCT_NAME = "$(TARGET_NAME)";
				SWIFT_VERSION = 5.0;
				TARGETED_DEVICE_FAMILY = "1,2";
				TEST_TARGET_NAME = instaparse;
			};
			name = Debug;
		};
		59806F1B225407170093A33C /* Release */ = {
			isa = XCBuildConfiguration;
			baseConfigurationReference = E3F18A05954A1593521AB0D6 /* Pods-instaparseUITests.release.xcconfig */;
			buildSettings = {
				ALWAYS_EMBED_SWIFT_STANDARD_LIBRARIES = YES;
				CODE_SIGN_STYLE = Automatic;
				DEVELOPMENT_TEAM = QW4ZBW5U8P;
				INFOPLIST_FILE = instaparseUITests/Info.plist;
				LD_RUNPATH_SEARCH_PATHS = (
					"$(inherited)",
					"@executable_path/Frameworks",
					"@loader_path/Frameworks",
				);
				PRODUCT_BUNDLE_IDENTIFIER = SMM.instaparseUITests;
				PRODUCT_NAME = "$(TARGET_NAME)";
				SWIFT_VERSION = 5.0;
				TARGETED_DEVICE_FAMILY = "1,2";
				TEST_TARGET_NAME = instaparse;
			};
			name = Release;
		};
/* End XCBuildConfiguration section */

/* Begin XCConfigurationList section */
		59806EE3225407160093A33C /* Build configuration list for PBXProject "instaparse" */ = {
			isa = XCConfigurationList;
			buildConfigurations = (
				59806F11225407170093A33C /* Debug */,
				59806F12225407170093A33C /* Release */,
			);
			defaultConfigurationIsVisible = 0;
			defaultConfigurationName = Release;
		};
		59806F13225407170093A33C /* Build configuration list for PBXNativeTarget "instaparse" */ = {
			isa = XCConfigurationList;
			buildConfigurations = (
				59806F14225407170093A33C /* Debug */,
				59806F15225407170093A33C /* Release */,
			);
			defaultConfigurationIsVisible = 0;
			defaultConfigurationName = Release;
		};
		59806F16225407170093A33C /* Build configuration list for PBXNativeTarget "instaparseTests" */ = {
			isa = XCConfigurationList;
			buildConfigurations = (
				59806F17225407170093A33C /* Debug */,
				59806F18225407170093A33C /* Release */,
			);
			defaultConfigurationIsVisible = 0;
			defaultConfigurationName = Release;
		};
		59806F19225407170093A33C /* Build configuration list for PBXNativeTarget "instaparseUITests" */ = {
			isa = XCConfigurationList;
			buildConfigurations = (
				59806F1A225407170093A33C /* Debug */,
				59806F1B225407170093A33C /* Release */,
			);
			defaultConfigurationIsVisible = 0;
			defaultConfigurationName = Release;
		};
/* End XCConfigurationList section */

/* Begin XCVersionGroup section */
		59806EF2225407160093A33C /* instaparse.xcdatamodeld */ = {
			isa = XCVersionGroup;
			children = (
				59806EF3225407160093A33C /* instaparse.xcdatamodel */,
			);
			currentVersion = 59806EF3225407160093A33C /* instaparse.xcdatamodel */;
			path = instaparse.xcdatamodeld;
			sourceTree = "<group>";
			versionGroupType = wrapper.xcdatamodel;
		};
/* End XCVersionGroup section */
	};
	rootObject = 59806EE0225407160093A33C /* Project object */;
}
